{
  "name": "Smelly-API",
  "lockfileVersion": 2,
  "requires": true,
  "packages": {
    "": {
      "dependencies": {
        "@types/mojang-gametest": "^0.1.2",
        "@types/mojang-minecraft": "^0.1.4"
      }
    },
    "node_modules/@types/mojang-gametest": {
      "version": "0.1.2",
      "resolved": "https://registry.npmjs.org/@types/mojang-gametest/-/mojang-gametest-0.1.2.tgz",
      "integrity": "sha512-D5LXHr9XWo/XiQbphVY5XvbrITtJVm7wC2Ui1OAyWtfK9d8TE2FIHV9WATn7EMxnj2OLTR2/DHmrcEhcBLQ1KA==",
      "dependencies": {
        "@types/mojang-minecraft": "*"
      }
    },
    "node_modules/@types/mojang-minecraft": {
      "version": "0.1.4",
      "resolved": "https://registry.npmjs.org/@types/mojang-minecraft/-/mojang-minecraft-0.1.4.tgz",
      "integrity": "sha512-AJAz3jdTeHq4YFRKsWAFUnh4oftYt97WBoNxw061LD+FImSspi6UQ3/U+BfuBgLJtAqCNSlryyh6mGJA388XLg=="
    }
  },
  "dependencies": {
    "@types/mojang-gametest": {
      "version": "0.1.2",
      "resolved": "https://registry.npmjs.org/@types/mojang-gametest/-/mojang-gametest-0.1.2.tgz",
      "integrity": "sha512-D5LXHr9XWo/XiQbphVY5XvbrITtJVm7wC2Ui1OAyWtfK9d8TE2FIHV9WATn7EMxnj2OLTR2/DHmrcEhcBLQ1KA==",
      "requires": {
        "@types/mojang-minecraft": "*"
      }
    },
    "@types/mojang-minecraft": {
      "version": "0.1.4",
      "resolved": "https://registry.npmjs.org/@types/mojang-minecraft/-/mojang-minecraft-0.1.4.tgz",
      "integrity": "sha512-AJAz3jdTeHq4YFRKsWAFUnh4oftYt97WBoNxw061LD+FImSspi6UQ3/U+BfuBgLJtAqCNSlryyh6mGJA388XLg=="
    }
  }
}
